
Microsoft Visual Studio Solution File, Format Version 12.00
# Visual Studio Version 16
VisualStudioVersion = 16.0.29102.190
MinimumVisualStudioVersion = 10.0.40219.1
Project("{FAE04EC0-301F-11D3-BF4B-00C04F79EFBC}") = "ReportDynamic", "ReportDynamic\ReportDynamic.csproj", "{FEC9CAFA-8F0B-4BE6-A0CB-E20C68B1FD3F}"
EndProject
Project("{FAE04EC0-301F-11D3-BF4B-00C04F79EFBC}") = "ReportDynamic.Core", "ReportDynamic.Core\ReportDynamic.Core.csproj", "{7F7424CA-FE0C-41FD-83ED-04EB87F33FBF}"
EndProject
Project("{2150E333-8FDC-42A3-9474-1A3956D46DE8}") = "WebTest", "WebTest", "{F4BE3578-6E8F-4BCA-8CE4-B7E5957318D3}"
	ProjectSection(SolutionItems) = preProject
		Page.html = Page.html
	EndProjectSection
EndProject
Global
	GlobalSection(SolutionConfigurationPlatforms) = preSolution
		Debug|Any CPU = Debug|Any CPU
		Release|Any CPU = Release|Any CPU
	EndGlobalSection
	GlobalSection(ProjectConfigurationPlatforms) = postSolution
		{FEC9CAFA-8F0B-4BE6-A0CB-E20C68B1FD3F}.Debug|Any CPU.ActiveCfg = Debug|Any CPU
		{FEC9CAFA-8F0B-4BE6-A0CB-E20C68B1FD3F}.Debug|Any CPU.Build.0 = Debug|Any CPU
		{FEC9CAFA-8F0B-4BE6-A0CB-E20C68B1FD3F}.Release|Any CPU.ActiveCfg = Release|Any CPU
		{FEC9CAFA-8F0B-4BE6-A0CB-E20C68B1FD3F}.Release|Any CPU.Build.0 = Release|Any CPU
		{7F7424CA-FE0C-41FD-83ED-04EB87F33FBF}.Debug|Any CPU.ActiveCfg = Debug|Any CPU
		{7F7424CA-FE0C-41FD-83ED-04EB87F33FBF}.Debug|Any CPU.Build.0 = Debug|Any CPU
		{7F7424CA-FE0C-41FD-83ED-04EB87F33FBF}.Release|Any CPU.ActiveCfg = Release|Any CPU
		{7F7424CA-FE0C-41FD-83ED-04EB87F33FBF}.Release|Any CPU.Build.0 = Release|Any CPU
	EndGlobalSection
	GlobalSection(SolutionProperties) = preSolution
		HideSolutionNode = FALSE
	EndGlobalSection
	GlobalSection(ExtensibilityGlobals) = postSolution
		SolutionGuid = {BAED2F8E-E8F1-43CF-988B-0B1DA20370E6}
	EndGlobalSection
EndGlobal
